
Microsoft Visual Studio Solution File, Format Version 12.00
# Visual Studio 14
VisualStudioVersion = 14.0.25420.1
MinimumVisualStudioVersion = 10.0.40219.1
Project("{FAE04EC0-301F-11D3-BF4B-00C04F79EFBC}") = "Allocat.DataModel", "Allocat.DataModel\Allocat.DataModel.csproj", "{DE7DE002-15FF-4738-8410-A44F9B45FF4B}"
EndProject
Project("{FAE04EC0-301F-11D3-BF4B-00C04F79EFBC}") = "Allocat.ApplicationService", "Allocat.ApplicationService\Allocat.ApplicationService.csproj", "{5EB83154-696C-45FD-8CDF-D51276745CA5}"
EndProject
Project("{FAE04EC0-301F-11D3-BF4B-00C04F79EFBC}") = "Allocat.DataService", "Allocat.DataService\Allocat.DataService.csproj", "{95436E91-7AB4-4601-B487-D7CB3C2073EC}"
EndProject
Project("{FAE04EC0-301F-11D3-BF4B-00C04F79EFBC}") = "Allocat.DataServiceInterface", "Allocat.DataServiceInterface\Allocat.DataServiceInterface.csproj", "{55EC7051-83CC-49AB-AD54-C1AEB06BBC07}"
EndProject
Project("{FAE04EC0-301F-11D3-BF4B-00C04F79EFBC}") = "Allocat.Utility", "Allocat.Utility\Allocat.Utility.csproj", "{381AB95B-DCDF-439A-B828-B52D18A2072C}"
EndProject
Project("{FAE04EC0-301F-11D3-BF4B-00C04F79EFBC}") = "Allocat.UserInterface", "Allocat.UserInterface\Allocat.UserInterface.csproj", "{DB830B0D-946C-450B-A63B-5A33ADE26598}"
EndProject
Project("{FAE04EC0-301F-11D3-BF4B-00C04F79EFBC}") = "Allocat.WebApi", "Allocat.WebApi\Allocat.WebApi.csproj", "{F2B58162-F0E9-4F50-B516-54DFE81A1FAC}"
EndProject
Global
	GlobalSection(SolutionConfigurationPlatforms) = preSolution
		Debug|Any CPU = Debug|Any CPU
		Release|Any CPU = Release|Any CPU
	EndGlobalSection
	GlobalSection(ProjectConfigurationPlatforms) = postSolution
		{DE7DE002-15FF-4738-8410-A44F9B45FF4B}.Debug|Any CPU.ActiveCfg = Debug|Any CPU
		{DE7DE002-15FF-4738-8410-A44F9B45FF4B}.Debug|Any CPU.Build.0 = Debug|Any CPU
		{DE7DE002-15FF-4738-8410-A44F9B45FF4B}.Release|Any CPU.ActiveCfg = Release|Any CPU
		{DE7DE002-15FF-4738-8410-A44F9B45FF4B}.Release|Any CPU.Build.0 = Release|Any CPU
		{5EB83154-696C-45FD-8CDF-D51276745CA5}.Debug|Any CPU.ActiveCfg = Debug|Any CPU
		{5EB83154-696C-45FD-8CDF-D51276745CA5}.Debug|Any CPU.Build.0 = Debug|Any CPU
		{5EB83154-696C-45FD-8CDF-D51276745CA5}.Release|Any CPU.ActiveCfg = Release|Any CPU
		{5EB83154-696C-45FD-8CDF-D51276745CA5}.Release|Any CPU.Build.0 = Release|Any CPU
		{95436E91-7AB4-4601-B487-D7CB3C2073EC}.Debug|Any CPU.ActiveCfg = Debug|Any CPU
		{95436E91-7AB4-4601-B487-D7CB3C2073EC}.Debug|Any CPU.Build.0 = Debug|Any CPU
		{95436E91-7AB4-4601-B487-D7CB3C2073EC}.Release|Any CPU.ActiveCfg = Release|Any CPU
		{95436E91-7AB4-4601-B487-D7CB3C2073EC}.Release|Any CPU.Build.0 = Release|Any CPU
		{55EC7051-83CC-49AB-AD54-C1AEB06BBC07}.Debug|Any CPU.ActiveCfg = Debug|Any CPU
		{55EC7051-83CC-49AB-AD54-C1AEB06BBC07}.Debug|Any CPU.Build.0 = Debug|Any CPU
		{55EC7051-83CC-49AB-AD54-C1AEB06BBC07}.Release|Any CPU.ActiveCfg = Release|Any CPU
		{55EC7051-83CC-49AB-AD54-C1AEB06BBC07}.Release|Any CPU.Build.0 = Release|Any CPU
		{381AB95B-DCDF-439A-B828-B52D18A2072C}.Debug|Any CPU.ActiveCfg = Debug|Any CPU
		{381AB95B-DCDF-439A-B828-B52D18A2072C}.Debug|Any CPU.Build.0 = Debug|Any CPU
		{381AB95B-DCDF-439A-B828-B52D18A2072C}.Release|Any CPU.ActiveCfg = Release|Any CPU
		{381AB95B-DCDF-439A-B828-B52D18A2072C}.Release|Any CPU.Build.0 = Release|Any CPU
		{DB830B0D-946C-450B-A63B-5A33ADE26598}.Debug|Any CPU.ActiveCfg = Debug|Any CPU
		{DB830B0D-946C-450B-A63B-5A33ADE26598}.Debug|Any CPU.Build.0 = Debug|Any CPU
		{DB830B0D-946C-450B-A63B-5A33ADE26598}.Release|Any CPU.ActiveCfg = Release|Any CPU
		{DB830B0D-946C-450B-A63B-5A33ADE26598}.Release|Any CPU.Build.0 = Release|Any CPU
		{F2B58162-F0E9-4F50-B516-54DFE81A1FAC}.Debug|Any CPU.ActiveCfg = Debug|Any CPU
		{F2B58162-F0E9-4F50-B516-54DFE81A1FAC}.Debug|Any CPU.Build.0 = Debug|Any CPU
		{F2B58162-F0E9-4F50-B516-54DFE81A1FAC}.Release|Any CPU.ActiveCfg = Release|Any CPU
		{F2B58162-F0E9-4F50-B516-54DFE81A1FAC}.Release|Any CPU.Build.0 = Release|Any CPU
	EndGlobalSection
	GlobalSection(SolutionProperties) = preSolution
		HideSolutionNode = FALSE
	EndGlobalSection
EndGlobal
